
Microsoft Visual Studio Solution File, Format Version 12.00
# Visual Studio Version 16
VisualStudioVersion = 16.0.31205.134
MinimumVisualStudioVersion = 10.0.40219.1
Project("{FAE04EC0-301F-11D3-BF4B-00C04F79EFBC}") = "VP Project", "VP Project\VP Project.csproj", "{A9E6DA6B-F007-4E57-83AE-97963D99CA69}"
EndProject
Global
	GlobalSection(SolutionConfigurationPlatforms) = preSolution
		Debug|Any CPU = Debug|Any CPU
		Debug|x64 = Debug|x64
		Release|Any CPU = Release|Any CPU
		Release|x64 = Release|x64
	EndGlobalSection
	GlobalSection(ProjectConfigurationPlatforms) = postSolution
		{A9E6DA6B-F007-4E57-83AE-97963D99CA69}.Debug|Any CPU.ActiveCfg = Debug|Any CPU
		{A9E6DA6B-F007-4E57-83AE-97963D99CA69}.Debug|Any CPU.Build.0 = Debug|Any CPU
		{A9E6DA6B-F007-4E57-83AE-97963D99CA69}.Debug|x64.ActiveCfg = Debug|x64
		{A9E6DA6B-F007-4E57-83AE-97963D99CA69}.Debug|x64.Build.0 = Debug|x64
		{A9E6DA6B-F007-4E57-83AE-97963D99CA69}.Release|Any CPU.ActiveCfg = Release|Any CPU
		{A9E6DA6B-F007-4E57-83AE-97963D99CA69}.Release|Any CPU.Build.0 = Release|Any CPU
		{A9E6DA6B-F007-4E57-83AE-97963D99CA69}.Release|x64.ActiveCfg = Release|x64
		{A9E6DA6B-F007-4E57-83AE-97963D99CA69}.Release|x64.Build.0 = Release|x64
	EndGlobalSection
	GlobalSection(SolutionProperties) = preSolution
		HideSolutionNode = FALSE
	EndGlobalSection
	GlobalSection(ExtensibilityGlobals) = postSolution
		SolutionGuid = {30D8C3E7-F62A-41D0-BA62-B01540F9B4F5}
	EndGlobalSection
EndGlobal
